
Microsoft Visual Studio Solution File, Format Version 12.00
# Visual Studio Version 17
VisualStudioVersion = 17.6.33723.286
MinimumVisualStudioVersion = 10.0.40219.1
Project("{FAE04EC0-301F-11D3-BF4B-00C04F79EFBC}") = "TesstTask 2", "TesstTask 2.csproj", "{FF0349FE-A698-4CAF-AD0D-1E6F6F7B5191}"
EndProject
Global
	GlobalSection(SolutionConfigurationPlatforms) = preSolution
		Debug|Any CPU = Debug|Any CPU
		Release|Any CPU = Release|Any CPU
	EndGlobalSection
	GlobalSection(ProjectConfigurationPlatforms) = postSolution
		{FF0349FE-A698-4CAF-AD0D-1E6F6F7B5191}.Debug|Any CPU.ActiveCfg = Debug|Any CPU
		{FF0349FE-A698-4CAF-AD0D-1E6F6F7B5191}.Debug|Any CPU.Build.0 = Debug|Any CPU
		{FF0349FE-A698-4CAF-AD0D-1E6F6F7B5191}.Release|Any CPU.ActiveCfg = Release|Any CPU
		{FF0349FE-A698-4CAF-AD0D-1E6F6F7B5191}.Release|Any CPU.Build.0 = Release|Any CPU
	EndGlobalSection
	GlobalSection(SolutionProperties) = preSolution
		HideSolutionNode = FALSE
	EndGlobalSection
	GlobalSection(ExtensibilityGlobals) = postSolution
		SolutionGuid = {FCF13B1A-9B23-4BD0-AEE1-CB4F488701E9}
	EndGlobalSection
EndGlobal
